github.com/FloatTech/ttl v0.0.0-20240716161252-965925764562 h1:snfw7FNFym1eNnLrQ/VCf80LiQo9C7jHgrunZDwiRcY=
github.com/FloatTech/ttl v0.0.0-20240716161252-965925764562/go.mod h1:fHZFWGquNXuHttu9dUYoKuNbm3dzLETnIOnm1muSfDs=
github.com/RomiChan/syncx v0.0.0-20240418144900-b7402ffdebc7 h1:S/ferNiehVjNaBMNNBxUjLtVmP/YWD6Yh79RfPv4ehU=
github.com/RomiChan/syncx v0.0.0-20240418144900-b7402ffdebc7/go.mod h1:vD7Ra3Q9onRtojoY5sMCLQ7JBgjUsrXDnDKyFxqpf9w=
github.com/davecgh/go-spew v1.1.0/go.mod h1:J7Y8YcW2NihsgmVo/mv3lAwl/skON4iLHjSsI+c5H38=
github.com/davecgh/go-spew v1.1.1 h1:vj9j/u1bqnvCEfJOwUhtlOARqs3+rkHYY13jYWTU97c=
github.com/davecgh/go-spew v1.1.1/go.mod h1:J7Y8YcW2NihsgmVo/mv3lAwl/skON4iLHjSsI+c5H38=
github.com/fumiama/cron v1.3.0 h1:ZWlwuexF+HQHl3cYytEE5HNwD99q+3vNZF1GrEiXCFo=
github.com/fumiama/cron v1.3.0/go.mod h1:bz5Izvgi/xEUI8tlBN8BI2jr9Moo8N4or0KV8xXuPDY=
github.com/fumiama/go-base16384 v1.7.0 h1:6fep7XPQWxRlh4Hu+KsdH+6+YdUp+w6CwRXtMWSsXCA=
github.com/fumiama/go-base16384 v1.7.0/go.mod h1:OEn+947GV5gsbTAnyuUW/SrfxJYUdYupSIQXOuGOcXM=
github.com/fumiama/go-registry v0.2.7 h1:tLEqgEpsiybQMqBv0dLHm5leia/z1DhajMupwnOHeNs=
github.com/fumiama/go-registry v0.2.7/go.mod h1:m+wp5fF8dYgVoFkBPZl+vlK90loymaJE0JCtocVQLEs=
github.com/fumiama/go-simple-protobuf v0.2.0 h1:ACyN1MAlu7pDR3EszWgzUeNP+IRsSHwH6V9JCJA5R5o=
github.com/fumiama/go-simple-protobuf v0.2.0/go.mod h1:5yYNapXq1tQMOZg9bOIVhQlZk9pQqpuFIO4DZLbsdy4=
github.com/fumiama/gofastTEA v0.0.10 h1:JJJ+brWD4kie+mmK2TkspDXKzqq0IjXm89aGYfoGhhQ=
github.com/fumiama/gofastTEA v0.0.10/go.mod h1:RIdbYZyB4MbH6ZBlPymRaXn3cD6SedlCu5W/HHfMPBk=
github.com/fumiama/jieba v0.0.0-20221203025406-36c17a10b565 h1:sQuR2+N5HurnvsZhiKdEg+Ig354TaqgCQRxd/0KgIOQ=
github.com/fumiama/jieba v0.0.0-20221203025406-36c17a10b565/go.mod h1:UUEvyLTJ7yoOA/viKG4wEis4ERydM7+Ny6gZUWgkS80=
github.com/fumiama/terasu v0.0.0-20241027183601-987ab91031ce h1:T6iDDU16rFyxV/FwfJJR6qcgkIlXJEIFlUTSmTD1h6s=
github.com/fumiama/terasu v0.0.0-20241027183601-987ab91031ce/go.mod h1:UVx8YP1jKKL1Cj+uy+OnQRM2Ih6U36Mqy9GSf7jabsI=
github.com/go-ego/gse v0.80.3 h1:YNFkjMhlhQnUeuoFcUEd1ivh6SOB764rT8GDsEbDiEg=
github.com/go-ego/gse v0.80.3/go.mod h1:Gt3A9Ry1Eso2Kza4MRaiZ7f2DTAvActmETY46Lxg0gU=
github.com/pbnjay/memory v0.0.0-20210728143218-7b4eea64cf58 h1:onHthvaw9LFnH4t2DcNVpwGmV9E1BkGknEliJkfwQj0=
github.com/pbnjay/memory v0.0.0-20210728143218-7b4eea64cf58/go.mod h1:DXv8WO4yhMYhSNPKjeNKa5WY9YCIEBRbNzFFPJbWO6Y=
github.com/pmezard/go-difflib v1.0.0 h1:4DBwDE0NGyQoBHbLQYPwSUPoCMWR5BEzIk/f1lZbAQM=
github.com/pmezard/go-difflib v1.0.0/go.mod h1:iKH77koFhYxTK1pcRnkKkqfTogsbg7gZNVY4sRDYZ/4=
github.com/sirupsen/logrus v1.9.3 h1:dueUQJ1C2q9oE3F7wvmSGAaVtTmUizReu6fjN8uqzbQ=
github.com/sirupsen/logrus v1.9.3/go.mod h1:naHLuLoDiP4jHNo9R0sCBMtWGeIprob74mVsIT4qYEQ=
github.com/stretchr/objx v0.1.0/go.mod h1:HFkY916IF+rwdDfMAkV7OtwuqBVzrE8GR6GFx+wExME=
github.com/stretchr/testify v1.7.0/go.mod h1:6Fq8oRcR53rry900zMqJjRRixrwX3KX962/h/Wwjteg=
github.com/stretchr/testify v1.7.1/go.mod h1:6Fq8oRcR53rry900zMqJjRRixrwX3KX962/h/Wwjteg=
github.com/stretchr/testify v1.9.0 h1:HtqpIVDClZ4nwg75+f6Lvsy/wHu+3BoSGCbBAcpTsTg=
github.com/stretchr/testify v1.9.0/go.mod h1:r2ic/lqez/lEtzL7wO/rwa5dbSLXVDPFyf8C91i36aY=
github.com/tidwall/gjson v1.18.0 h1:FIDeeyB800efLX89e5a8Y0BNH+LOngJyGrIWxG2FKQY=
github.com/tidwall/gjson v1.18.0/go.mod h1:/wbyibRr2FHMks5tjHJ5F8dMZh3AcwJEMf5vlfC0lxk=
github.com/tidwall/match v1.1.1 h1:+Ho715JplO36QYgwN9PGYNhgZvoUSc9X2c80KVTi+GA=
github.com/tidwall/match v1.1.1/go.mod h1:eRSPERbgtNPcGhD8UCthc6PmLEQXEWd3PRB5JTxsfmM=
github.com/tidwall/pretty v1.2.0 h1:RWIZEg2iJ8/g6fDDYzMpobmaoGh5OLl4AXtGUGPcqCs=
github.com/tidwall/pretty v1.2.0/go.mod h1:ITEVvHYasfjBbM0u2Pg8T2nJnzm8xPwvNhhsoaGGjNU=
github.com/vcaesar/cedar v0.20.2 h1:TDx7AdZhilKcfE1WvdToTJf5VrC/FXcUOW+KY1upLZ4=
github.com/vcaesar/cedar v0.20.2/go.mod h1:lyuGvALuZZDPNXwpzv/9LyxW+8Y6faN7zauFezNsnik=
github.com/wdvxdr1123/ZeroBot v1.8.0 h1:v7m+0kGtL6XQlUH9O/LzmOntDJs2clzVj93YsAWWMbk=
github.com/wdvxdr1123/ZeroBot v1.8.0/go.mod h1:C86nQ0gIdAri4K2vg8IIQIslt08zzrKMcqYt8zhkx1M=
golang.org/x/net v0.24.0 h1:1PcaxkF854Fu3+lvBIx5SYn9wRlBzzcnHZSiaFFAb0w=
golang.org/x/net v0.24.0/go.mod h1:2Q7sJY5mzlzWjKtYUEXSlBWCdyaioyXzRB2RtU8KVE8=
golang.org/x/sys v0.0.0-20220715151400-c0bba94af5f8/go.mod h1:oPkhp1MJrh7nUepCBck5+mAzfO9JrbApNNgaTdGDITg=
golang.org/x/sys v0.19.0 h1:q5f1RH2jigJ1MoAWp2KTp3gm5zAGFUTarQZ5U386+4o=
golang.org/x/sys v0.19.0/go.mod h1:/VUhepiaJMQUp4+oa/7Zr1D23ma6VTLIYjOOTFZPUcA=
golang.org/x/text v0.3.7/go.mod h1:u+2+/6zg+i71rQMx5EYifcz6MCKuco9NR6JIITiCfzQ=
golang.org/x/text v0.19.0 h1:kTxAhCbGbxhK0IwgSKiMO5awPoDQ0RpfiVYBfK860YM=
golang.org/x/text v0.19.0/go.mod h1:BuEKDfySbSR4drPmRPG/7iBdf8hvFMuRexcpahXilzY=
golang.org/x/tools v0.0.0-20180917221912-90fa682c2a6e/go.mod h1:n7NCudcB/nEzxVGmLbDWY5pfWTLqBcC2KZ6jyYvM4mQ=
gopkg.in/check.v1 v0.0.0-20161208181325-20d25e280405 h1:yhCVgyC4o1eVCa2tZl7eS0r+SDo693bJlVdllGtEeKM=
gopkg.in/check.v1 v0.0.0-20161208181325-20d25e280405/go.mod h1:Co6ibVJAznAaIkqp8huTwlJQCZ016jof/cbN4VW5Yz0=
gopkg.in/yaml.v3 v3.0.0-20200313102051-9f266ea9e77c/go.mod h1:K4uyk7z7BCEPqu6E+C64Yfv1cQ7kz7rIZviUmN+EgEM=
gopkg.in/yaml.v3 v3.0.1 h1:fxVm/GzAzEWqLHuvctI91KS9hhNmmWOoWu0XTYJS7CA=
gopkg.in/yaml.v3 v3.0.1/go.mod h1:K4uyk7z7BCEPqu6E+C64Yfv1cQ7kz7rIZviUmN+EgEM=
